// !$*UTF8*$!
{
	archiveVersion = 1;
	classes = {
	};
	objectVersion = 50;
	objects = {

/* Begin PBXBuildFile section */
		8BF6C9FC25C9928300CD391C /* AppDelegate.swift in Sources */ = {isa = PBXBuildFile; fileRef = 8BF6C9FB25C9928300CD391C /* AppDelegate.swift */; };
		8BF6C9FE25C9928300CD391C /* SceneDelegate.swift in Sources */ = {isa = PBXBuildFile; fileRef = 8BF6C9FD25C9928300CD391C /* SceneDelegate.swift */; };
		8BF6CA0025C9928300CD391C /* ContentView.swift in Sources */ = {isa = PBXBuildFile; fileRef = 8BF6C9FF25C9928300CD391C /* ContentView.swift */; };
		8BF6CA0225C9928500CD391C /* Assets.xcassets in Resources */ = {isa = PBXBuildFile; fileRef = 8BF6CA0125C9928500CD391C /* Assets.xcassets */; };
		8BF6CA0525C9928500CD391C /* Preview Assets.xcassets in Resources */ = {isa = PBXBuildFile; fileRef = 8BF6CA0425C9928500CD391C /* Preview Assets.xcassets */; };
		8BF6CA0825C9928500CD391C /* LaunchScreen.storyboard in Resources */ = {isa = PBXBuildFile; fileRef = 8BF6CA0625C9928500CD391C /* LaunchScreen.storyboard */; };
/* End PBXBuildFile section */

/* Begin PBXFileReference section */
		8BF6C9F825C9928300CD391C /* switchExam.app */ = {isa = PBXFileReference; explicitFileType = wrapper.application; includeInIndex = 0; path = switchExam.app; sourceTree = BUILT_PRODUCTS_DIR; };
		8BF6C9FB25C9928300CD391C /* AppDelegate.swift */ = {isa = PBXFileReference; lastKnownFileType = sourcecode.swift; path = AppDelegate.swift; sourceTree = "<group>"; };
		8BF6C9FD25C9928300CD391C /* SceneDelegate.swift */ = {isa = PBXFileReference; lastKnownFileType = sourcecode.swift; path = SceneDelegate.swift; sourceTree = "<group>"; };
		8BF6C9FF25C9928300CD391C /* ContentView.swift */ = {isa = PBXFileReference; lastKnownFileType = sourcecode.swift; path = ContentView.swift; sourceTree = "<group>"; };
		8BF6CA0125C9928500CD391C /* Assets.xcassets */ = {isa = PBXFileReference; lastKnownFileType = folder.assetcatalog; path = Assets.xcassets; sourceTree = "<group>"; };
		8BF6CA0425C9928500CD391C /* Preview Assets.xcassets */ = {isa = PBXFileReference; lastKnownFileType = folder.assetcatalog; path = "Preview Assets.xcassets"; sourceTree = "<group>"; };
		8BF6CA0725C9928500CD391C /* Base */ = {isa = PBXFileReference; lastKnownFileType = file.storyboard; name = Base; path = Base.lproj/LaunchScreen.storyboard; sourceTree = "<group>"; };
		8BF6CA0925C9928500CD391C /* Info.plist */ = {isa = PBXFileReference; lastKnownFileType = text.plist.xml; path = Info.plist; sourceTree = "<group>"; };
/* End PBXFileReference section */

/* Begin PBXFrameworksBuildPhase section */
		8BF6C9F525C9928300CD391C /* Frameworks */ = {
			isa = PBXFrameworksBuildPhase;
			buildActionMask = 2147483647;
			files = (
			);
			runOnlyForDeploymentPostprocessing = 0;
		};
/* End PBXFrameworksBuildPhase section */

/* Begin PBXGroup section */
		8BF6C9EF25C9928300CD391C = {
			isa = PBXGroup;
			children = (
				8BF6C9FA25C9928300CD391C /* switchExam */,
				8BF6C9F925C9928300CD391C /* Products */,
			);
			sourceTree = "<group>";
		};
		8BF6C9F925C9928300CD391C /* Products */ = {
			isa = PBXGroup;
			children = (
				8BF6C9F825C9928300CD391C /* switchExam.app */,
			);
			name = Products;
			sourceTree = "<group>";
		};
		8BF6C9FA25C9928300CD391C /* switchExam */ = {
			isa = PBXGroup;
			children = (
				8BF6C9FB25C9928300CD391C /* AppDelegate.swift */,
				8BF6C9FD25C9928300CD391C /* SceneDelegate.swift */,
				8BF6C9FF25C9928300CD391C /* ContentView.swift */,
				8BF6CA0125C9928500CD391C /* Assets.xcassets */,
				8BF6CA0625C9928500CD391C /* LaunchScreen.storyboard */,
				8BF6CA0925C9928500CD391C /* Info.plist */,
				8BF6CA0325C9928500CD391C /* Preview Content */,
			);
			path = switchExam;
			sourceTree = "<group>";
		};
		8BF6CA0325C9928500CD391C /* Preview Content */ = {
			isa = PBXGroup;
			children = (
				8BF6CA0425C9928500CD391C /* Preview Assets.xcassets */,
			);
			path = "Preview Content";
			sourceTree = "<group>";
		};
/* End PBXGroup section */

/* Begin PBXNativeTarget section */
		8BF6C9F725C9928300CD391C /* switchExam */ = {
			isa = PBXNativeTarget;
			buildConfigurationList = 8BF6CA0C25C9928500CD391C /* Build configuration list for PBXNativeTarget "switchExam" */;
			buildPhases = (
				8BF6C9F425C9928300CD391C /* Sources */,
				8BF6C9F525C9928300CD391C /* Frameworks */,
				8BF6C9F625C9928300CD391C /* Resources */,
			);
			buildRules = (
			);
			dependencies = (
			);
			name = switchExam;
			productName = switchExam;
			productReference = 8BF6C9F825C9928300CD391C /* switchExam.app */;
			productType = "com.apple.product-type.application";
		};
/* End PBXNativeTarget section */

/* Begin PBXProject section */
		8BF6C9F025C9928300CD391C /* Project object */ = {
			isa = PBXProject;
			attributes = {
				LastSwiftUpdateCheck = 1240;
				LastUpgradeCheck = 1240;
				TargetAttributes = {
					8BF6C9F725C9928300CD391C = {
						CreatedOnToolsVersion = 12.4;
					};
				};
			};
			buildConfigurationList = 8BF6C9F325C9928300CD391C /* Build configuration list for PBXProject "switchExam" */;
			compatibilityVersion = "Xcode 9.3";
			developmentRegion = en;
			hasScannedForEncodings = 0;
			knownRegions = (
				en,
				Base,
			);
			mainGroup = 8BF6C9EF25C9928300CD391C;
			productRefGroup = 8BF6C9F925C9928300CD391C /* Products */;
			projectDirPath = "";
			projectRoot = "";
			targets = (
				8BF6C9F725C9928300CD391C /* switchExam */,
			);
		};
/* End PBXProject section */

/* Begin PBXResourcesBuildPhase section */
		8BF6C9F625C9928300CD391C /* Resources */ = {
			isa = PBXResourcesBuildPhase;
			buildActionMask = 2147483647;
			files = (
				8BF6CA0825C9928500CD391C /* LaunchScreen.storyboard in Resources */,
				8BF6CA0525C9928500CD391C /* Preview Assets.xcassets in Resources */,
				8BF6CA0225C9928500CD391C /* Assets.xcassets in Resources */,
			);
			runOnlyForDeploymentPostprocessing = 0;
		};
/* End PBXResourcesBuildPhase section */

/* Begin PBXSourcesBuildPhase section */
		8BF6C9F425C9928300CD391C /* Sources */ = {
			isa = PBXSourcesBuildPhase;
			buildActionMask = 2147483647;
			files = (
				8BF6C9FC25C9928300CD391C /* AppDelegate.swift in Sources */,
				8BF6C9FE25C9928300CD391C /* SceneDelegate.swift in Sources */,
				8BF6CA0025C9928300CD391C /* ContentView.swift in Sources */,
			);
			runOnlyForDeploymentPostprocessing = 0;
		};
/* End PBXSourcesBuildPhase section */

/* Begin PBXVariantGroup section */
		8BF6CA0625C9928500CD391C /* LaunchScreen.storyboard */ = {
			isa = PBXVariantGroup;
			children = (
				8BF6CA0725C9928500CD391C /* Base */,
			);
			name = LaunchScreen.storyboard;
			sourceTree = "<group>";
		};
/* End PBXVariantGroup section */

/* Begin XCBuildConfiguration section */
		8BF6CA0A25C9928500CD391C /* Debug */ = {
			isa = XCBuildConfiguration;
			buildSettings = {
				ALWAYS_SEARCH_USER_PATHS = NO;
				CLANG_ANALYZER_NONNULL = YES;
				CLANG_ANALYZER_NUMBER_OBJECT_CONVERSION = YES_AGGRESSIVE;
				CLANG_CXX_LANGUAGE_STANDARD = "gnu++14";
				CLANG_CXX_LIBRARY = "libc++";
				CLANG_ENABLE_MODULES = YES;
				CLANG_ENABLE_OBJC_ARC = YES;
				CLANG_ENABLE_OBJC_WEAK = YES;
				CLANG_WARN_BLOCK_CAPTURE_AUTORELEASING = YES;
				CLANG_WARN_BOOL_CONVERSION = YES;
				CLANG_WARN_COMMA = YES;
				CLANG_WARN_CONSTANT_CONVERSION = YES;
				CLANG_WARN_DEPRECATED_OBJC_IMPLEMENTATIONS = YES;
				CLANG_WARN_DIRECT_OBJC_ISA_USAGE = YES_ERROR;
				CLANG_WARN_DOCUMENTATION_COMMENTS = YES;
				CLANG_WARN_EMPTY_BODY = YES;
				CLANG_WARN_ENUM_CONVERSION = YES;
				CLANG_WARN_INFINITE_RECURSION = YES;
				CLANG_WARN_INT_CONVERSION = YES;
				CLANG_WARN_NON_LITERAL_NULL_CONVERSION = YES;
				CLANG_WARN_OBJC_IMPLICIT_RETAIN_SELF = YES;
				CLANG_WARN_OBJC_LITERAL_CONVERSION = YES;
				CLANG_WARN_OBJC_ROOT_CLASS = YES_ERROR;
				CLANG_WARN_QUOTED_INCLUDE_IN_FRAMEWORK_HEADER = YES;
				CLANG_WARN_RANGE_LOOP_ANALYSIS = YES;
				CLANG_WARN_STRICT_PROTOTYPES = YES;
				CLANG_WARN_SUSPICIOUS_MOVE = YES;
				CLANG_WARN_UNGUARDED_AVAILABILITY = YES_AGGRESSIVE;
				CLANG_WARN_UNREACHABLE_CODE = YES;
				CLANG_WARN__DUPLICATE_METHOD_MATCH = YES;
				COPY_PHASE_STRIP = NO;
				DEBUG_INFORMATION_FORMAT = dwarf;
				ENABLE_STRICT_OBJC_MSGSEND = YES;
				ENABLE_TESTABILITY = YES;
				GCC_C_LANGUAGE_STANDARD = gnu11;
				GCC_DYNAMIC_NO_PIC = NO;
				GCC_NO_COMMON_BLOCKS = YES;
				GCC_OPTIMIZATION_LEVEL = 0;
				GCC_PREPROCESSOR_DEFINITIONS = (
					"DEBUG=1",
					"$(inherited)",
				);
				GCC_WARN_64_TO_32_BIT_CONVERSION = YES;
				GCC_WARN_ABOUT_RETURN_TYPE = YES_ERROR;
				GCC_WARN_UNDECLARED_SELECTOR = YES;
				GCC_WARN_UNINITIALIZED_AUTOS = YES_AGGRESSIVE;
				GCC_WARN_UNUSED_FUNCTION = YES;
				GCC_WARN_UNUSED_VARIABLE = YES;
				IPHONEOS_DEPLOYMENT_TARGET = 14.4;
				MTL_ENABLE_DEBUG_INFO = INCLUDE_SOURCE;
				MTL_FAST_MATH = YES;
				ONLY_ACTIVE_ARCH = YES;
				SDKROOT = iphoneos;
				SWIFT_ACTIVE_COMPILATION_CONDITIONS = DEBUG;
				SWIFT_OPTIMIZATION_LEVEL = "-Onone";
			};
			name = Debug;
		};
		8BF6CA0B25C9928500CD391C /* Release */ = {
			isa = XCBuildConfiguration;
			buildSettings = {
				ALWAYS_SEARCH_USER_PATHS = NO;
				CLANG_ANALYZER_NONNULL = YES;
				CLANG_ANALYZER_NUMBER_OBJECT_CONVERSION = YES_AGGRESSIVE;
				CLANG_CXX_LANGUAGE_STANDARD = "gnu++14";
				CLANG_CXX_LIBRARY = "libc++";
				CLANG_ENABLE_MODULES = YES;
				CLANG_ENABLE_OBJC_ARC = YES;
				CLANG_ENABLE_OBJC_WEAK = YES;
				CLANG_WARN_BLOCK_CAPTURE_AUTORELEASING = YES;
				CLANG_WARN_BOOL_CONVERSION = YES;
				CLANG_WARN_COMMA = YES;
				CLANG_WARN_CONSTANT_CONVERSION = YES;
				CLANG_WARN_DEPRECATED_OBJC_IMPLEMENTATIONS = YES;
				CLANG_WARN_DIRECT_OBJC_ISA_USAGE = YES_ERROR;
				CLANG_WARN_DOCUMENTATION_COMMENTS = YES;
				CLANG_WARN_EMPTY_BODY = YES;
				CLANG_WARN_ENUM_CONVERSION = YES;
				CLANG_WARN_INFINITE_RECURSION = YES;
				CLANG_WARN_INT_CONVERSION = YES;
				CLANG_WARN_NON_LITERAL_NULL_CONVERSION = YES;
				CLANG_WARN_OBJC_IMPLICIT_RETAIN_SELF = YES;
				CLANG_WARN_OBJC_LITERAL_CONVERSION = YES;
				CLANG_WARN_OBJC_ROOT_CLASS = YES_ERROR;
				CLANG_WARN_QUOTED_INCLUDE_IN_FRAMEWORK_HEADER = YES;
				CLANG_WARN_RANGE_LOOP_ANALYSIS = YES;
				CLANG_WARN_STRICT_PROTOTYPES = YES;
				CLANG_WARN_SUSPICIOUS_MOVE = YES;
				CLANG_WARN_UNGUARDED_AVAILABILITY = YES_AGGRESSIVE;
				CLANG_WARN_UNREACHABLE_CODE = YES;
				CLANG_WARN__DUPLICATE_METHOD_MATCH = YES;
				COPY_PHASE_STRIP = NO;
				DEBUG_INFORMATION_FORMAT = "dwarf-with-dsym";
				ENABLE_NS_ASSERTIONS = NO;
				ENABLE_STRICT_OBJC_MSGSEND = YES;
				GCC_C_LANGUAGE_STANDARD = gnu11;
				GCC_NO_COMMON_BLOCKS = YES;
				GCC_WARN_64_TO_32_BIT_CONVERSION = YES;
				GCC_WARN_ABOUT_RETURN_TYPE = YES_ERROR;
				GCC_WARN_UNDECLARED_SELECTOR = YES;
				GCC_WARN_UNINITIALIZED_AUTOS = YES_AGGRESSIVE;
				GCC_WARN_UNUSED_FUNCTION = YES;
				GCC_WARN_UNUSED_VARIABLE = YES;
				IPHONEOS_DEPLOYMENT_TARGET = 14.4;
				MTL_ENABLE_DEBUG_INFO = NO;
				MTL_FAST_MATH = YES;
				SDKROOT = iphoneos;
				SWIFT_COMPILATION_MODE = wholemodule;
				SWIFT_OPTIMIZATION_LEVEL = "-O";
				VALIDATE_PRODUCT = YES;
			};
			name = Release;
		};
		8BF6CA0D25C9928500CD391C /* Debug */ = {
			isa = XCBuildConfiguration;
			buildSettings = {
				ASSETCATALOG_COMPILER_APPICON_NAME = AppIcon;
				ASSETCATALOG_COMPILER_GLOBAL_ACCENT_COLOR_NAME = AccentColor;
				CODE_SIGN_STYLE = Automatic;
				DEVELOPMENT_ASSET_PATHS = "\"switchExam/Preview Content\"";
				DEVELOPMENT_TEAM = 4NU3M595B7;
				ENABLE_PREVIEWS = YES;
				INFOPLIST_FILE = switchExam/Info.plist;
				LD_RUNPATH_SEARCH_PATHS = (
					"$(inherited)",
					"@executable_path/Frameworks",
				);
				PRODUCT_BUNDLE_IDENTIFIER = "Dead-Line.switchExam";
				PRODUCT_NAME = "$(TARGET_NAME)";
				SWIFT_VERSION = 5.0;
				TARGETED_DEVICE_FAMILY = "1,2";
			};
			name = Debug;
		};
		8BF6CA0E25C9928500CD391C /* Release */ = {
			isa = XCBuildConfiguration;
			buildSettings = {
				ASSETCATALOG_COMPILER_APPICON_NAME = AppIcon;
				ASSETCATALOG_COMPILER_GLOBAL_ACCENT_COLOR_NAME = AccentColor;
				CODE_SIGN_STYLE = Automatic;
				DEVELOPMENT_ASSET_PATHS = "\"switchExam/Preview Content\"";
				DEVELOPMENT_TEAM = 4NU3M595B7;
				ENABLE_PREVIEWS = YES;
				INFOPLIST_FILE = switchExam/Info.plist;
				LD_RUNPATH_SEARCH_PATHS = (
					"$(inherited)",
					"@executable_path/Frameworks",
				);
				PRODUCT_BUNDLE_IDENTIFIER = "Dead-Line.switchExam";
				PRODUCT_NAME = "$(TARGET_NAME)";
				SWIFT_VERSION = 5.0;
				TARGETED_DEVICE_FAMILY = "1,2";
			};
			name = Release;
		};
/* End XCBuildConfiguration section */

/* Begin XCConfigurationList section */
		8BF6C9F325C9928300CD391C /* Build configuration list for PBXProject "switchExam" */ = {
			isa = XCConfigurationList;
			buildConfigurations = (
				8BF6CA0A25C9928500CD391C /* Debug */,
				8BF6CA0B25C9928500CD391C /* Release */,
			);
			defaultConfigurationIsVisible = 0;
			defaultConfigurationName = Release;
		};
		8BF6CA0C25C9928500CD391C /* Build configuration list for PBXNativeTarget "switchExam" */ = {
			isa = XCConfigurationList;
			buildConfigurations = (
				8BF6CA0D25C9928500CD391C /* Debug */,
				8BF6CA0E25C9928500CD391C /* Release */,
			);
			defaultConfigurationIsVisible = 0;
			defaultConfigurationName = Release;
		};
/* End XCConfigurationList section */
	};
	rootObject = 8BF6C9F025C9928300CD391C /* Project object */;
}
